
Microsoft Visual Studio Solution File, Format Version 12.00
# Visual Studio Version 17
VisualStudioVersion = 17.10.35122.118
MinimumVisualStudioVersion = 10.0.40219.1
Project("{FAE04EC0-301F-11D3-BF4B-00C04F79EFBC}") = "SingletonPattern", "SingletonPattern.csproj", "{92F67590-1EBF-4F96-A76C-AB0E304FBF5B}"
EndProject
Global
	GlobalSection(SolutionConfigurationPlatforms) = preSolution
		Debug|Any CPU = Debug|Any CPU
		Release|Any CPU = Release|Any CPU
	EndGlobalSection
	GlobalSection(ProjectConfigurationPlatforms) = postSolution
		{92F67590-1EBF-4F96-A76C-AB0E304FBF5B}.Debug|Any CPU.ActiveCfg = Debug|Any CPU
		{92F67590-1EBF-4F96-A76C-AB0E304FBF5B}.Debug|Any CPU.Build.0 = Debug|Any CPU
		{92F67590-1EBF-4F96-A76C-AB0E304FBF5B}.Release|Any CPU.ActiveCfg = Release|Any CPU
		{92F67590-1EBF-4F96-A76C-AB0E304FBF5B}.Release|Any CPU.Build.0 = Release|Any CPU
	EndGlobalSection
	GlobalSection(SolutionProperties) = preSolution
		HideSolutionNode = FALSE
	EndGlobalSection
	GlobalSection(ExtensibilityGlobals) = postSolution
		SolutionGuid = {3E286E00-17AE-470C-BD1B-FA326E1B9418}
	EndGlobalSection
EndGlobal
